// !$*UTF8*$!
{
	archiveVersion = 1;
	classes = {
	};
	objectVersion = 46;
	objects = {

/* Begin PBXBuildFile section */
		D79EB6701E079A2D0007B238 /* 003.jpg in Resources */ = {isa = PBXBuildFile; fileRef = D79EB66F1E079A2D0007B238 /* 003.jpg */; };
		D79EB6751E07AA4E0007B238 /* nc66359.wav in Resources */ = {isa = PBXBuildFile; fileRef = D79EB6741E07AA4E0007B238 /* nc66359.wav */; };
		D7C262501E03990200FA4D92 /* AppDelegate.swift in Sources */ = {isa = PBXBuildFile; fileRef = D7C2624F1E03990200FA4D92 /* AppDelegate.swift */; };
		D7C262521E03990200FA4D92 /* ViewController.swift in Sources */ = {isa = PBXBuildFile; fileRef = D7C262511E03990200FA4D92 /* ViewController.swift */; };
		D7C262551E03990200FA4D92 /* Main.storyboard in Resources */ = {isa = PBXBuildFile; fileRef = D7C262531E03990200FA4D92 /* Main.storyboard */; };
		D7C262571E03990200FA4D92 /* Assets.xcassets in Resources */ = {isa = PBXBuildFile; fileRef = D7C262561E03990200FA4D92 /* Assets.xcassets */; };
		D7C2625A1E03990200FA4D92 /* LaunchScreen.storyboard in Resources */ = {isa = PBXBuildFile; fileRef = D7C262581E03990200FA4D92 /* LaunchScreen.storyboard */; };
/* End PBXBuildFile section */

/* Begin PBXFileReference section */
		D79EB66F1E079A2D0007B238 /* 003.jpg */ = {isa = PBXFileReference; lastKnownFileType = image.jpeg; path = 003.jpg; sourceTree = "<group>"; };
		D79EB6741E07AA4E0007B238 /* nc66359.wav */ = {isa = PBXFileReference; lastKnownFileType = audio.wav; path = nc66359.wav; sourceTree = "<group>"; };
		D7C2624C1E03990200FA4D92 /* AVCaptureVideoDataOutputSample.app */ = {isa = PBXFileReference; explicitFileType = wrapper.application; includeInIndex = 0; path = AVCaptureVideoDataOutputSample.app; sourceTree = BUILT_PRODUCTS_DIR; };
		D7C2624F1E03990200FA4D92 /* AppDelegate.swift */ = {isa = PBXFileReference; lastKnownFileType = sourcecode.swift; path = AppDelegate.swift; sourceTree = "<group>"; };
		D7C262511E03990200FA4D92 /* ViewController.swift */ = {isa = PBXFileReference; lastKnownFileType = sourcecode.swift; path = ViewController.swift; sourceTree = "<group>"; };
		D7C262541E03990200FA4D92 /* Base */ = {isa = PBXFileReference; lastKnownFileType = file.storyboard; name = Base; path = Base.lproj/Main.storyboard; sourceTree = "<group>"; };
		D7C262561E03990200FA4D92 /* Assets.xcassets */ = {isa = PBXFileReference; lastKnownFileType = folder.assetcatalog; path = Assets.xcassets; sourceTree = "<group>"; };
		D7C262591E03990200FA4D92 /* Base */ = {isa = PBXFileReference; lastKnownFileType = file.storyboard; name = Base; path = Base.lproj/LaunchScreen.storyboard; sourceTree = "<group>"; };
		D7C2625B1E03990200FA4D92 /* Info.plist */ = {isa = PBXFileReference; lastKnownFileType = text.plist.xml; path = Info.plist; sourceTree = "<group>"; };
/* End PBXFileReference section */

/* Begin PBXFrameworksBuildPhase section */
		D7C262491E03990200FA4D92 /* Frameworks */ = {
			isa = PBXFrameworksBuildPhase;
			buildActionMask = 2147483647;
			files = (
			);
			runOnlyForDeploymentPostprocessing = 0;
		};
/* End PBXFrameworksBuildPhase section */

/* Begin PBXGroup section */
		D7C262431E03990200FA4D92 = {
			isa = PBXGroup;
			children = (
				D7C2624E1E03990200FA4D92 /* AVCaptureVideoDataOutputSample */,
				D7C2624D1E03990200FA4D92 /* Products */,
			);
			sourceTree = "<group>";
		};
		D7C2624D1E03990200FA4D92 /* Products */ = {
			isa = PBXGroup;
			children = (
				D7C2624C1E03990200FA4D92 /* AVCaptureVideoDataOutputSample.app */,
			);
			name = Products;
			sourceTree = "<group>";
		};
		D7C2624E1E03990200FA4D92 /* AVCaptureVideoDataOutputSample */ = {
			isa = PBXGroup;
			children = (
				D79EB6741E07AA4E0007B238 /* nc66359.wav */,
				D79EB66F1E079A2D0007B238 /* 003.jpg */,
				D7C2624F1E03990200FA4D92 /* AppDelegate.swift */,
				D7C262511E03990200FA4D92 /* ViewController.swift */,
				D7C262531E03990200FA4D92 /* Main.storyboard */,
				D7C262561E03990200FA4D92 /* Assets.xcassets */,
				D7C262581E03990200FA4D92 /* LaunchScreen.storyboard */,
				D7C2625B1E03990200FA4D92 /* Info.plist */,
			);
			path = AVCaptureVideoDataOutputSample;
			sourceTree = "<group>";
		};
/* End PBXGroup section */

/* Begin PBXNativeTarget section */
		D7C2624B1E03990200FA4D92 /* AVCaptureVideoDataOutputSample */ = {
			isa = PBXNativeTarget;
			buildConfigurationList = D7C2625E1E03990200FA4D92 /* Build configuration list for PBXNativeTarget "AVCaptureVideoDataOutputSample" */;
			buildPhases = (
				D7C262481E03990200FA4D92 /* Sources */,
				D7C262491E03990200FA4D92 /* Frameworks */,
				D7C2624A1E03990200FA4D92 /* Resources */,
			);
			buildRules = (
			);
			dependencies = (
			);
			name = AVCaptureVideoDataOutputSample;
			productName = AVCaptureVideoDataOutputSample;
			productReference = D7C2624C1E03990200FA4D92 /* AVCaptureVideoDataOutputSample.app */;
			productType = "com.apple.product-type.application";
		};
/* End PBXNativeTarget section */

/* Begin PBXProject section */
		D7C262441E03990200FA4D92 /* Project object */ = {
			isa = PBXProject;
			attributes = {
				LastSwiftUpdateCheck = 0810;
				LastUpgradeCheck = 0810;
				ORGANIZATIONNAME = SAPPOROWORKS;
				TargetAttributes = {
					D7C2624B1E03990200FA4D92 = {
						CreatedOnToolsVersion = 8.1;
						DevelopmentTeam = T32GQ84AVX;
						ProvisioningStyle = Automatic;
					};
				};
			};
			buildConfigurationList = D7C262471E03990200FA4D92 /* Build configuration list for PBXProject "AVCaptureVideoDataOutputSample" */;
			compatibilityVersion = "Xcode 3.2";
			developmentRegion = English;
			hasScannedForEncodings = 0;
			knownRegions = (
				en,
				Base,
			);
			mainGroup = D7C262431E03990200FA4D92;
			productRefGroup = D7C2624D1E03990200FA4D92 /* Products */;
			projectDirPath = "";
			projectRoot = "";
			targets = (
				D7C2624B1E03990200FA4D92 /* AVCaptureVideoDataOutputSample */,
			);
		};
/* End PBXProject section */

/* Begin PBXResourcesBuildPhase section */
		D7C2624A1E03990200FA4D92 /* Resources */ = {
			isa = PBXResourcesBuildPhase;
			buildActionMask = 2147483647;
			files = (
				D79EB6751E07AA4E0007B238 /* nc66359.wav in Resources */,
				D7C2625A1E03990200FA4D92 /* LaunchScreen.storyboard in Resources */,
				D79EB6701E079A2D0007B238 /* 003.jpg in Resources */,
				D7C262571E03990200FA4D92 /* Assets.xcassets in Resources */,
				D7C262551E03990200FA4D92 /* Main.storyboard in Resources */,
			);
			runOnlyForDeploymentPostprocessing = 0;
		};
/* End PBXResourcesBuildPhase section */

/* Begin PBXSourcesBuildPhase section */
		D7C262481E03990200FA4D92 /* Sources */ = {
			isa = PBXSourcesBuildPhase;
			buildActionMask = 2147483647;
			files = (
				D7C262521E03990200FA4D92 /* ViewController.swift in Sources */,
				D7C262501E03990200FA4D92 /* AppDelegate.swift in Sources */,
			);
			runOnlyForDeploymentPostprocessing = 0;
		};
/* End PBXSourcesBuildPhase section */

/* Begin PBXVariantGroup section */
		D7C262531E03990200FA4D92 /* Main.storyboard */ = {
			isa = PBXVariantGroup;
			children = (
				D7C262541E03990200FA4D92 /* Base */,
			);
			name = Main.storyboard;
			sourceTree = "<group>";
		};
		D7C262581E03990200FA4D92 /* LaunchScreen.storyboard */ = {
			isa = PBXVariantGroup;
			children = (
				D7C262591E03990200FA4D92 /* Base */,
			);
			name = LaunchScreen.storyboard;
			sourceTree = "<group>";
		};
/* End PBXVariantGroup section */

/* Begin XCBuildConfiguration section */
		D7C2625C1E03990200FA4D92 /* Debug */ = {
			isa = XCBuildConfiguration;
			buildSettings = {
				ALWAYS_SEARCH_USER_PATHS = NO;
				CLANG_ANALYZER_NONNULL = YES;
				CLANG_CXX_LANGUAGE_STANDARD = "gnu++0x";
				CLANG_CXX_LIBRARY = "libc++";
				CLANG_ENABLE_MODULES = YES;
				CLANG_ENABLE_OBJC_ARC = YES;
				CLANG_WARN_BOOL_CONVERSION = YES;
				CLANG_WARN_CONSTANT_CONVERSION = YES;
				CLANG_WARN_DIRECT_OBJC_ISA_USAGE = YES_ERROR;
				CLANG_WARN_DOCUMENTATION_COMMENTS = YES;
				CLANG_WARN_EMPTY_BODY = YES;
				CLANG_WARN_ENUM_CONVERSION = YES;
				CLANG_WARN_INFINITE_RECURSION = YES;
				CLANG_WARN_INT_CONVERSION = YES;
				CLANG_WARN_OBJC_ROOT_CLASS = YES_ERROR;
				CLANG_WARN_SUSPICIOUS_MOVES = YES;
				CLANG_WARN_UNREACHABLE_CODE = YES;
				CLANG_WARN__DUPLICATE_METHOD_MATCH = YES;
				"CODE_SIGN_IDENTITY[sdk=iphoneos*]" = "iPhone Developer";
				COPY_PHASE_STRIP = NO;
				DEBUG_INFORMATION_FORMAT = dwarf;
				ENABLE_STRICT_OBJC_MSGSEND = YES;
				ENABLE_TESTABILITY = YES;
				GCC_C_LANGUAGE_STANDARD = gnu99;
				GCC_DYNAMIC_NO_PIC = NO;
				GCC_NO_COMMON_BLOCKS = YES;
				GCC_OPTIMIZATION_LEVEL = 0;
				GCC_PREPROCESSOR_DEFINITIONS = (
					"DEBUG=1",
					"$(inherited)",
				);
				GCC_WARN_64_TO_32_BIT_CONVERSION = YES;
				GCC_WARN_ABOUT_RETURN_TYPE = YES_ERROR;
				GCC_WARN_UNDECLARED_SELECTOR = YES;
				GCC_WARN_UNINITIALIZED_AUTOS = YES_AGGRESSIVE;
				GCC_WARN_UNUSED_FUNCTION = YES;
				GCC_WARN_UNUSED_VARIABLE = YES;
				IPHONEOS_DEPLOYMENT_TARGET = 10.1;
				MTL_ENABLE_DEBUG_INFO = YES;
				ONLY_ACTIVE_ARCH = YES;
				SDKROOT = iphoneos;
				SWIFT_ACTIVE_COMPILATION_CONDITIONS = DEBUG;
				SWIFT_OPTIMIZATION_LEVEL = "-Onone";
			};
			name = Debug;
		};
		D7C2625D1E03990200FA4D92 /* Release */ = {
			isa = XCBuildConfiguration;
			buildSettings = {
				ALWAYS_SEARCH_USER_PATHS = NO;
				CLANG_ANALYZER_NONNULL = YES;
				CLANG_CXX_LANGUAGE_STANDARD = "gnu++0x";
				CLANG_CXX_LIBRARY = "libc++";
				CLANG_ENABLE_MODULES = YES;
				CLANG_ENABLE_OBJC_ARC = YES;
				CLANG_WARN_BOOL_CONVERSION = YES;
				CLANG_WARN_CONSTANT_CONVERSION = YES;
				CLANG_WARN_DIRECT_OBJC_ISA_USAGE = YES_ERROR;
				CLANG_WARN_DOCUMENTATION_COMMENTS = YES;
				CLANG_WARN_EMPTY_BODY = YES;
				CLANG_WARN_ENUM_CONVERSION = YES;
				CLANG_WARN_INFINITE_RECURSION = YES;
				CLANG_WARN_INT_CONVERSION = YES;
				CLANG_WARN_OBJC_ROOT_CLASS = YES_ERROR;
				CLANG_WARN_SUSPICIOUS_MOVES = YES;
				CLANG_WARN_UNREACHABLE_CODE = YES;
				CLANG_WARN__DUPLICATE_METHOD_MATCH = YES;
				"CODE_SIGN_IDENTITY[sdk=iphoneos*]" = "iPhone Developer";
				COPY_PHASE_STRIP = NO;
				DEBUG_INFORMATION_FORMAT = "dwarf-with-dsym";
				ENABLE_NS_ASSERTIONS = NO;
				ENABLE_STRICT_OBJC_MSGSEND = YES;
				GCC_C_LANGUAGE_STANDARD = gnu99;
				GCC_NO_COMMON_BLOCKS = YES;
				GCC_WARN_64_TO_32_BIT_CONVERSION = YES;
				GCC_WARN_ABOUT_RETURN_TYPE = YES_ERROR;
				GCC_WARN_UNDECLARED_SELECTOR = YES;
				GCC_WARN_UNINITIALIZED_AUTOS = YES_AGGRESSIVE;
				GCC_WARN_UNUSED_FUNCTION = YES;
				GCC_WARN_UNUSED_VARIABLE = YES;
				IPHONEOS_DEPLOYMENT_TARGET = 10.1;
				MTL_ENABLE_DEBUG_INFO = NO;
				SDKROOT = iphoneos;
				SWIFT_OPTIMIZATION_LEVEL = "-Owholemodule";
				VALIDATE_PRODUCT = YES;
			};
			name = Release;
		};
		D7C2625F1E03990200FA4D92 /* Debug */ = {
			isa = XCBuildConfiguration;
			buildSettings = {
				ASSETCATALOG_COMPILER_APPICON_NAME = AppIcon;
				DEVELOPMENT_TEAM = T32GQ84AVX;
				INFOPLIST_FILE = AVCaptureVideoDataOutputSample/Info.plist;
				LD_RUNPATH_SEARCH_PATHS = "$(inherited) @executable_path/Frameworks";
				PRODUCT_BUNDLE_IDENTIFIER = jp.ne.sapporoworks.AVCaptureVideoDataOutputSample;
				PRODUCT_NAME = "$(TARGET_NAME)";
				SWIFT_VERSION = 3.0;
			};
			name = Debug;
		};
		D7C262601E03990200FA4D92 /* Release */ = {
			isa = XCBuildConfiguration;
			buildSettings = {
				ASSETCATALOG_COMPILER_APPICON_NAME = AppIcon;
				DEVELOPMENT_TEAM = T32GQ84AVX;
				INFOPLIST_FILE = AVCaptureVideoDataOutputSample/Info.plist;
				LD_RUNPATH_SEARCH_PATHS = "$(inherited) @executable_path/Frameworks";
				PRODUCT_BUNDLE_IDENTIFIER = jp.ne.sapporoworks.AVCaptureVideoDataOutputSample;
				PRODUCT_NAME = "$(TARGET_NAME)";
				SWIFT_VERSION = 3.0;
			};
			name = Release;
		};
/* End XCBuildConfiguration section */

/* Begin XCConfigurationList section */
		D7C262471E03990200FA4D92 /* Build configuration list for PBXProject "AVCaptureVideoDataOutputSample" */ = {
			isa = XCConfigurationList;
			buildConfigurations = (
				D7C2625C1E03990200FA4D92 /* Debug */,
				D7C2625D1E03990200FA4D92 /* Release */,
			);
			defaultConfigurationIsVisible = 0;
			defaultConfigurationName = Release;
		};
		D7C2625E1E03990200FA4D92 /* Build configuration list for PBXNativeTarget "AVCaptureVideoDataOutputSample" */ = {
			isa = XCConfigurationList;
			buildConfigurations = (
				D7C2625F1E03990200FA4D92 /* Debug */,
				D7C262601E03990200FA4D92 /* Release */,
			);
			defaultConfigurationIsVisible = 0;
			defaultConfigurationName = Release;
		};
/* End XCConfigurationList section */
	};
	rootObject = D7C262441E03990200FA4D92 /* Project object */;
}
